
Microsoft Visual Studio Solution File, Format Version 12.00
# Visual Studio 2012
Project("{FAE04EC0-301F-11D3-BF4B-00C04F79EFBC}") = "DungeonModel", "DungeonModel\DungeonModel.csproj", "{A086844F-BC28-4126-966D-665E03380E25}"
EndProject
Project("{2150E333-8FDC-42A3-9474-1A3956D46DE8}") = ".nuget", ".nuget", "{C10F159E-6739-4811-B330-49533B1990FD}"
EndProject
Global
	GlobalSection(SolutionConfigurationPlatforms) = preSolution
		Debug|Any CPU = Debug|Any CPU
		Release|Any CPU = Release|Any CPU
	EndGlobalSection
	GlobalSection(ProjectConfigurationPlatforms) = postSolution
		{A086844F-BC28-4126-966D-665E03380E25}.Debug|Any CPU.ActiveCfg = Debug|Any CPU
		{A086844F-BC28-4126-966D-665E03380E25}.Debug|Any CPU.Build.0 = Debug|Any CPU
		{A086844F-BC28-4126-966D-665E03380E25}.Release|Any CPU.ActiveCfg = Release|Any CPU
		{A086844F-BC28-4126-966D-665E03380E25}.Release|Any CPU.Build.0 = Release|Any CPU
	EndGlobalSection
	GlobalSection(SolutionProperties) = preSolution
		HideSolutionNode = FALSE
	EndGlobalSection
EndGlobal
